
Microsoft Visual Studio Solution File, Format Version 12.00
# Visual Studio Version 17
VisualStudioVersion = 17.3.32929.385
MinimumVisualStudioVersion = 10.0.40219.1
Project("{FAE04EC0-301F-11D3-BF4B-00C04F79EFBC}") = "user", "user\user.csproj", "{88A9B477-7052-4FDD-BA41-05A50851310D}"
EndProject
Global
	GlobalSection(SolutionConfigurationPlatforms) = preSolution
		Debug|Any CPU = Debug|Any CPU
		Release|Any CPU = Release|Any CPU
	EndGlobalSection
	GlobalSection(ProjectConfigurationPlatforms) = postSolution
		{88A9B477-7052-4FDD-BA41-05A50851310D}.Debug|Any CPU.ActiveCfg = Debug|Any CPU
		{88A9B477-7052-4FDD-BA41-05A50851310D}.Debug|Any CPU.Build.0 = Debug|Any CPU
		{88A9B477-7052-4FDD-BA41-05A50851310D}.Release|Any CPU.ActiveCfg = Release|Any CPU
		{88A9B477-7052-4FDD-BA41-05A50851310D}.Release|Any CPU.Build.0 = Release|Any CPU
	EndGlobalSection
	GlobalSection(SolutionProperties) = preSolution
		HideSolutionNode = FALSE
	EndGlobalSection
	GlobalSection(ExtensibilityGlobals) = postSolution
		SolutionGuid = {82AE090B-39D7-430C-8F2C-3BB118879050}
	EndGlobalSection
EndGlobal
